
Microsoft Visual Studio Solution File, Format Version 12.00
Project("{F2A71F9B-5D33-465A-A702-920D77279786}") = "Partas.Solid.UI", "Partas.Solid.UI.fsproj", "{307A13A5-44F2-4794-BF95-385E4D757896}"
EndProject
Project("{F2A71F9B-5D33-465A-A702-920D77279786}") = "Partas.Solid.UI.Playground", "Partas.Solid.UI.Playground\Partas.Solid.UI.Playground.fsproj", "{3C4D93D3-58F7-40A1-925F-42E94D5F2C07}"
EndProject
Project("{2150E333-8FDC-42A3-9474-1A3956D46DE8}") = "Misc", "Misc", "{BC11E26F-D453-4ABB-8F29-345A28ACEA99}"
	ProjectSection(SolutionItems) = preProject
		package.json = package.json
		README.md = README.md
	EndProjectSection
EndProject
Project("{F2A71F9B-5D33-465A-A702-920D77279786}") = "Partas.Solid.UI.Storybook", "Partas.Solid.UI.Storybook\Partas.Solid.UI.Storybook.fsproj", "{980C0AA4-95D5-4355-AA74-8734FEC1B3F1}"
EndProject
Global
	GlobalSection(SolutionConfigurationPlatforms) = preSolution
		Debug|Any CPU = Debug|Any CPU
		Release|Any CPU = Release|Any CPU
	EndGlobalSection
	GlobalSection(ProjectConfigurationPlatforms) = postSolution
		{307A13A5-44F2-4794-BF95-385E4D757896}.Debug|Any CPU.ActiveCfg = Debug|Any CPU
		{307A13A5-44F2-4794-BF95-385E4D757896}.Debug|Any CPU.Build.0 = Debug|Any CPU
		{307A13A5-44F2-4794-BF95-385E4D757896}.Release|Any CPU.ActiveCfg = Release|Any CPU
		{307A13A5-44F2-4794-BF95-385E4D757896}.Release|Any CPU.Build.0 = Release|Any CPU
		{3C4D93D3-58F7-40A1-925F-42E94D5F2C07}.Debug|Any CPU.ActiveCfg = Debug|Any CPU
		{3C4D93D3-58F7-40A1-925F-42E94D5F2C07}.Debug|Any CPU.Build.0 = Debug|Any CPU
		{3C4D93D3-58F7-40A1-925F-42E94D5F2C07}.Release|Any CPU.ActiveCfg = Release|Any CPU
		{3C4D93D3-58F7-40A1-925F-42E94D5F2C07}.Release|Any CPU.Build.0 = Release|Any CPU
		{980C0AA4-95D5-4355-AA74-8734FEC1B3F1}.Debug|Any CPU.ActiveCfg = Debug|Any CPU
		{980C0AA4-95D5-4355-AA74-8734FEC1B3F1}.Debug|Any CPU.Build.0 = Debug|Any CPU
		{980C0AA4-95D5-4355-AA74-8734FEC1B3F1}.Release|Any CPU.ActiveCfg = Release|Any CPU
		{980C0AA4-95D5-4355-AA74-8734FEC1B3F1}.Release|Any CPU.Build.0 = Release|Any CPU
	EndGlobalSection
	GlobalSection(NestedProjects) = preSolution
	EndGlobalSection
EndGlobal
